<?xml version="1.0" encoding="utf-8"?>
<Project ToolsVersion="4.0" xmlns="http://schemas.microsoft.com/developer/msbuild/2003">
  <ItemGroup>
    <Filter Include="Source Files">
      <UniqueIdentifier>{4FC737F1-C7A5-4376-A066-2A32D752A2FF}</UniqueIdentifier>
      <Extensions>cpp;c;cc;cxx;c++;cppm;ixx;def;odl;idl;hpj;bat;asm;asmx</Extensions>
    </Filter>
    <Filter Include="Header Files">
      <UniqueIdentifier>{93995380-89BD-4b04-88EB-625FBE52EBFB}</UniqueIdentifier>
      <Extensions>h;hh;hpp;hxx;h++;hm;inl;inc;ipp;xsd</Extensions>
    </Filter>
    <Filter Include="Resource Files">
      <UniqueIdentifier>{67DA6AB6-F800-4c08-8B7A-83BB121AAD01}</UniqueIdentifier>
      <Extensions>rc;ico;cur;bmp;dlg;rc2;rct;bin;rgs;gif;jpg;jpeg;jpe;resx;tiff;tif;png;wav;mfcribbon-ms</Extensions>
    </Filter>
    <Filter Include="Header Files\core">
      <UniqueIdentifier>{f3541d00-b6ed-4dc8-be7d-87f4b06e4403}</UniqueIdentifier>
    </Filter>
    <Filter Include="Source Files\core">
      <UniqueIdentifier>{ad708db4-ed62-4709-a500-2ec13012ac3a}</UniqueIdentifier>
    </Filter>
    <Filter Include="Source Files\renderer">
      <UniqueIdentifier>{147a22df-e1f1-4bfa-bd18-e09fbb9fbad3}</UniqueIdentifier>
    </Filter>
    <Filter Include="Header Files\renderer">
      <UniqueIdentifier>{c97bcb03-e4c7-4831-99e9-7adec869d6db}</UniqueIdentifier>
    </Filter>
    <Filter Include="Header Files\challenges">
      <UniqueIdentifier>{ea8d261c-3f98-42a3-8f4f-1d4b5abbdbc6}</UniqueIdentifier>
    </Filter>
    <Filter Include="Source Files\challenges">
      <UniqueIdentifier>{e29f02bd-0bf4-4c03-a84a-f53237233bc3}</UniqueIdentifier>
    </Filter>
  </ItemGroup>
  <ItemGroup>
    <ClCompile Include="..\..\..\..\Downloads\glad\src\glad.c">
      <Filter>Source Files</Filter>
    </ClCompile>
    <ClCompile Include="Main.cpp">
      <Filter>Source Files</Filter>
    </ClCompile>
    <ClCompile Include="Input.cpp">
      <Filter>Source Files\core</Filter>
    </ClCompile>
    <ClCompile Include="Window.cpp">
      <Filter>Source Files\core</Filter>
    </ClCompile>
    <ClCompile Include="Shader.cpp">
      <Filter>Source Files\renderer</Filter>
    </ClCompile>
    <ClCompile Include="ShaderProgram.cpp">
      <Filter>Source Files\renderer</Filter>
    </ClCompile>
    <ClCompile Include="VentorImplementations.cpp">
      <Filter>Source Files\core</Filter>
    </ClCompile>
    <ClCompile Include="Cubes.cpp">
      <Filter>Source Files\challenges</Filter>
    </ClCompile>
  </ItemGroup>
  <ItemGroup>
    <ClInclude Include="core.h">
      <Filter>Header Files</Filter>
    </ClInclude>
    <ClInclude Include="Input.h">
      <Filter>Header Files\core</Filter>
    </ClInclude>
    <ClInclude Include="Window.h">
      <Filter>Header Files\core</Filter>
    </ClInclude>
    <ClInclude Include="Shader.h">
      <Filter>Header Files\renderer</Filter>
    </ClInclude>
    <ClInclude Include="ShaderProgram.h">
      <Filter>Header Files\renderer</Filter>
    </ClInclude>
    <ClInclude Include="Cubes.h">
      <Filter>Header Files\challenges</Filter>
    </ClInclude>
  </ItemGroup>
  <ItemGroup>
    <None Include="main.h">
      <Filter>Header Files</Filter>
    </None>
  </ItemGroup>
</Project>